
Microsoft Visual Studio Solution File, Format Version 12.00
# Visual Studio Version 16
VisualStudioVersion = 16.0.32126.315
MinimumVisualStudioVersion = 10.0.40219.1
Project("{9A19103F-16F7-4668-BE54-9A1E7A4F7556}") = "CoreDemo", "CoreDemo\CoreDemo.csproj", "{F4CC47E5-04D3-4882-BF5E-093B9B8BF747}"
EndProject
Project("{9A19103F-16F7-4668-BE54-9A1E7A4F7556}") = "EntityLayer", "EntityLayer\EntityLayer.csproj", "{E3DC7133-A947-4DB3-AEF0-8260B8BACAE0}"
EndProject
Project("{9A19103F-16F7-4668-BE54-9A1E7A4F7556}") = "DataAccessLayer", "DataAccessLayer\DataAccessLayer.csproj", "{7A684B16-1CFF-4E93-958C-FFEBCAAAE264}"
EndProject
Project("{9A19103F-16F7-4668-BE54-9A1E7A4F7556}") = "BusinessLayer", "BusinessLayer\BusinessLayer.csproj", "{9ADFFDA0-E621-44E1-A69F-3B7807C27A4A}"
EndProject
Project("{9A19103F-16F7-4668-BE54-9A1E7A4F7556}") = "CoreLayer", "CoreLayer\CoreLayer.csproj", "{7F714ECC-C9D4-4DEE-8DD4-AC2F27A0B186}"
EndProject
Project("{FAE04EC0-301F-11D3-BF4B-00C04F79EFBC}") = "BlogApiDemo", "BlogApiDemo\BlogApiDemo.csproj", "{008151F4-E355-4188-A29D-1C62AE87CDB0}"
EndProject
Global
	GlobalSection(SolutionConfigurationPlatforms) = preSolution
		Debug|Any CPU = Debug|Any CPU
		Release|Any CPU = Release|Any CPU
	EndGlobalSection
	GlobalSection(ProjectConfigurationPlatforms) = postSolution
		{F4CC47E5-04D3-4882-BF5E-093B9B8BF747}.Debug|Any CPU.ActiveCfg = Debug|Any CPU
		{F4CC47E5-04D3-4882-BF5E-093B9B8BF747}.Debug|Any CPU.Build.0 = Debug|Any CPU
		{F4CC47E5-04D3-4882-BF5E-093B9B8BF747}.Release|Any CPU.ActiveCfg = Release|Any CPU
		{F4CC47E5-04D3-4882-BF5E-093B9B8BF747}.Release|Any CPU.Build.0 = Release|Any CPU
		{E3DC7133-A947-4DB3-AEF0-8260B8BACAE0}.Debug|Any CPU.ActiveCfg = Debug|Any CPU
		{E3DC7133-A947-4DB3-AEF0-8260B8BACAE0}.Debug|Any CPU.Build.0 = Debug|Any CPU
		{E3DC7133-A947-4DB3-AEF0-8260B8BACAE0}.Release|Any CPU.ActiveCfg = Release|Any CPU
		{E3DC7133-A947-4DB3-AEF0-8260B8BACAE0}.Release|Any CPU.Build.0 = Release|Any CPU
		{7A684B16-1CFF-4E93-958C-FFEBCAAAE264}.Debug|Any CPU.ActiveCfg = Debug|Any CPU
		{7A684B16-1CFF-4E93-958C-FFEBCAAAE264}.Debug|Any CPU.Build.0 = Debug|Any CPU
		{7A684B16-1CFF-4E93-958C-FFEBCAAAE264}.Release|Any CPU.ActiveCfg = Release|Any CPU
		{7A684B16-1CFF-4E93-958C-FFEBCAAAE264}.Release|Any CPU.Build.0 = Release|Any CPU
		{9ADFFDA0-E621-44E1-A69F-3B7807C27A4A}.Debug|Any CPU.ActiveCfg = Debug|Any CPU
		{9ADFFDA0-E621-44E1-A69F-3B7807C27A4A}.Debug|Any CPU.Build.0 = Debug|Any CPU
		{9ADFFDA0-E621-44E1-A69F-3B7807C27A4A}.Release|Any CPU.ActiveCfg = Release|Any CPU
		{9ADFFDA0-E621-44E1-A69F-3B7807C27A4A}.Release|Any CPU.Build.0 = Release|Any CPU
		{7F714ECC-C9D4-4DEE-8DD4-AC2F27A0B186}.Debug|Any CPU.ActiveCfg = Debug|Any CPU
		{7F714ECC-C9D4-4DEE-8DD4-AC2F27A0B186}.Debug|Any CPU.Build.0 = Debug|Any CPU
		{7F714ECC-C9D4-4DEE-8DD4-AC2F27A0B186}.Release|Any CPU.ActiveCfg = Release|Any CPU
		{7F714ECC-C9D4-4DEE-8DD4-AC2F27A0B186}.Release|Any CPU.Build.0 = Release|Any CPU
		{008151F4-E355-4188-A29D-1C62AE87CDB0}.Debug|Any CPU.ActiveCfg = Debug|Any CPU
		{008151F4-E355-4188-A29D-1C62AE87CDB0}.Debug|Any CPU.Build.0 = Debug|Any CPU
		{008151F4-E355-4188-A29D-1C62AE87CDB0}.Release|Any CPU.ActiveCfg = Release|Any CPU
		{008151F4-E355-4188-A29D-1C62AE87CDB0}.Release|Any CPU.Build.0 = Release|Any CPU
	EndGlobalSection
	GlobalSection(SolutionProperties) = preSolution
		HideSolutionNode = FALSE
	EndGlobalSection
	GlobalSection(ExtensibilityGlobals) = postSolution
		SolutionGuid = {FC6FD067-1735-45EE-AEF1-C8CDC9DE6ED6}
	EndGlobalSection
EndGlobal
